
Microsoft Visual Studio Solution File, Format Version 12.00
# Visual Studio Version 16
VisualStudioVersion = 16.0.29806.167
MinimumVisualStudioVersion = 10.0.40219.1
Project("{FAE04EC0-301F-11D3-BF4B-00C04F79EFBC}") = "PDFdivvyWF", "PDFdivvyWF\PDFdivvyWF.csproj", "{9BE30DBF-D954-4696-9494-3655D7E70326}"
EndProject
Project("{FAE04EC0-301F-11D3-BF4B-00C04F79EFBC}") = "PdfSharp", "PdfSharp\PdfSharp.csproj", "{5A6055BC-BF86-4FDD-9F62-0109DB7A303B}"
EndProject
Project("{FAE04EC0-301F-11D3-BF4B-00C04F79EFBC}") = "UnitTestDivvy", "UnitTestDivvy\UnitTestDivvy.csproj", "{B7AB2213-78A0-4867-B538-CD2E0B2EDD46}"
EndProject
Global
	GlobalSection(SolutionConfigurationPlatforms) = preSolution
		Debug|Any CPU = Debug|Any CPU
		Release|Any CPU = Release|Any CPU
	EndGlobalSection
	GlobalSection(ProjectConfigurationPlatforms) = postSolution
		{9BE30DBF-D954-4696-9494-3655D7E70326}.Debug|Any CPU.ActiveCfg = Debug|Any CPU
		{9BE30DBF-D954-4696-9494-3655D7E70326}.Debug|Any CPU.Build.0 = Debug|Any CPU
		{9BE30DBF-D954-4696-9494-3655D7E70326}.Release|Any CPU.ActiveCfg = Release|Any CPU
		{9BE30DBF-D954-4696-9494-3655D7E70326}.Release|Any CPU.Build.0 = Release|Any CPU
		{5A6055BC-BF86-4FDD-9F62-0109DB7A303B}.Debug|Any CPU.ActiveCfg = Debug|Any CPU
		{5A6055BC-BF86-4FDD-9F62-0109DB7A303B}.Debug|Any CPU.Build.0 = Debug|Any CPU
		{5A6055BC-BF86-4FDD-9F62-0109DB7A303B}.Release|Any CPU.ActiveCfg = Release|Any CPU
		{5A6055BC-BF86-4FDD-9F62-0109DB7A303B}.Release|Any CPU.Build.0 = Release|Any CPU
		{B7AB2213-78A0-4867-B538-CD2E0B2EDD46}.Debug|Any CPU.ActiveCfg = Debug|Any CPU
		{B7AB2213-78A0-4867-B538-CD2E0B2EDD46}.Debug|Any CPU.Build.0 = Debug|Any CPU
		{B7AB2213-78A0-4867-B538-CD2E0B2EDD46}.Release|Any CPU.ActiveCfg = Release|Any CPU
		{B7AB2213-78A0-4867-B538-CD2E0B2EDD46}.Release|Any CPU.Build.0 = Release|Any CPU
	EndGlobalSection
	GlobalSection(SolutionProperties) = preSolution
		HideSolutionNode = FALSE
	EndGlobalSection
	GlobalSection(ExtensibilityGlobals) = postSolution
		SolutionGuid = {B1586A61-4035-453C-8FE2-140326FF5E33}
	EndGlobalSection
EndGlobal
